github.com/KonjacBot/go-mc v0.0.0-20260701035653-a22100ce4568 h1:UOWdj2WB1HHSTnqqE811LFdiC6UhQkW+Ryb6uZg+cCA=
github.com/KonjacBot/go-mc v0.0.0-20260701035653-a22100ce4568/go.mod h1:f0+5qgwpQP70Ft4gQe/t02fyPc0NEZHC6AWc8DUyIh0=
github.com/KonjacBot/go-mc v0.0.0-20260702073504-475cb683b71f h1:vAbiqnDpB3KEZTQpAR6lQl7uFd2ENEShyVGhVKXdlMs=
github.com/KonjacBot/go-mc v0.0.0-20260702073504-475cb683b71f/go.mod h1:f0+5qgwpQP70Ft4gQe/t02fyPc0NEZHC6AWc8DUyIh0=
github.com/go-gl/mathgl v1.2.0 h1:v2eOj/y1B2afDxF6URV1qCYmo1KW08lAMtTbOn3KXCY=
github.com/go-gl/mathgl v1.2.0/go.mod h1:pf9+b5J3LFP7iZ4XXaVzZrCle0Q/vNpB/vDe5+3ulRE=
github.com/google/uuid v1.6.0 h1:NIvaJDMOsjHA8n1jAhLSgzrAzy1Hgr+hNrb57e+94F0=
github.com/google/uuid v1.6.0/go.mod h1:TIyPZe4MgqvfeYDBFedMoGGpEw/LqOeaOT+nhxU+yHo=
golang.org/x/exp v0.0.0-20250819193227-8b4c13bb791b h1:DXr+pvt3nC887026GRP39Ej11UATqWDmWuS99x26cD0=
golang.org/x/exp v0.0.0-20250819193227-8b4c13bb791b/go.mod h1:4QTo5u+SEIbbKW1RacMZq1YEfOBqeXa19JeshGi+zc4=
golang.org/x/exp v0.0.0-20260611194520-c48552f49976 h1:X8Hz2ImujgbmetVuW+w2YkyZChE3cBpZi2P158rTG9M=
golang.org/x/exp v0.0.0-20260611194520-c48552f49976/go.mod h1:vnf4pv9iKZXY58sQE1L86zmNWJ4159e1RkcWiLCkeEY=
golang.org/x/net v0.43.0 h1:lat02VYK2j4aLzMzecihNvTlJNQUq316m2Mr9rnM6YE=
golang.org/x/net v0.43.0/go.mod h1:vhO1fvI4dGsIjh73sWfUVjj3N7CA9WkKJNQm2svM6Jg=
golang.org/x/net v0.56.0 h1:Rw8j/hFzGvJUZwNBXnAtf5sVDVt+65SK2C7IxCxZt5o=
golang.org/x/net v0.56.0/go.mod h1:D3Ku6r+V6JROoZK144D2XfMHFcMq/0zSfLelVTCFKec=
golang.org/x/sync v0.16.0 h1:ycBJEhp9p4vXvUZNszeOq0kGTPghopOL8q0fq3vstxw=
golang.org/x/sync v0.16.0/go.mod h1:1dzgHSNfp02xaA81J2MS99Qcpr2w7fw1gpm99rleRqA=
golang.org/x/sync v0.21.0 h1:HLII4xRRTtCRkxYp4HNFF0Js/Og6q2i++KXbg0gHCwM=
golang.org/x/sync v0.21.0/go.mod h1:9xrNwdLfx4jkKbNva9FpL6vEN7evnE43NNNJQ2LF3+0=
